
Microsoft Visual Studio Solution File, Format Version 12.00
# Visual Studio Version 16
VisualStudioVersion = 16.0.29905.134
MinimumVisualStudioVersion = 10.0.40219.1
Project("{FAE04EC0-301F-11D3-BF4B-00C04F79EFBC}") = "Paradise", "Paradise.csproj", "{EDED5BCD-DB73-4E52-9DC2-A5FE4231A444}"
EndProject
Global
	GlobalSection(SolutionConfigurationPlatforms) = preSolution
		Debug|Any CPU = Debug|Any CPU
		Debug|x64 = Debug|x64
		Debug|x86 = Debug|x86
		Release|Any CPU = Release|Any CPU
		Release|x64 = Release|x64
		Release|x86 = Release|x86
		ShannaraDebug|Any CPU = ShannaraDebug|Any CPU
		ShannaraDebug|x64 = ShannaraDebug|x64
		ShannaraDebug|x86 = ShannaraDebug|x86
	EndGlobalSection
	GlobalSection(ProjectConfigurationPlatforms) = postSolution
		{EDED5BCD-DB73-4E52-9DC2-A5FE4231A444}.Debug|Any CPU.ActiveCfg = Debug|Any CPU
		{EDED5BCD-DB73-4E52-9DC2-A5FE4231A444}.Debug|Any CPU.Build.0 = Debug|Any CPU
		{EDED5BCD-DB73-4E52-9DC2-A5FE4231A444}.Debug|x64.ActiveCfg = Debug|x64
		{EDED5BCD-DB73-4E52-9DC2-A5FE4231A444}.Debug|x64.Build.0 = Debug|x64
		{EDED5BCD-DB73-4E52-9DC2-A5FE4231A444}.Debug|x86.ActiveCfg = Debug|x86
		{EDED5BCD-DB73-4E52-9DC2-A5FE4231A444}.Debug|x86.Build.0 = Debug|x86
		{EDED5BCD-DB73-4E52-9DC2-A5FE4231A444}.Release|Any CPU.ActiveCfg = Release|Any CPU
		{EDED5BCD-DB73-4E52-9DC2-A5FE4231A444}.Release|Any CPU.Build.0 = Release|Any CPU
		{EDED5BCD-DB73-4E52-9DC2-A5FE4231A444}.Release|x64.ActiveCfg = Release|x64
		{EDED5BCD-DB73-4E52-9DC2-A5FE4231A444}.Release|x64.Build.0 = Release|x64
		{EDED5BCD-DB73-4E52-9DC2-A5FE4231A444}.Release|x86.ActiveCfg = Release|x86
		{EDED5BCD-DB73-4E52-9DC2-A5FE4231A444}.Release|x86.Build.0 = Release|x86
		{EDED5BCD-DB73-4E52-9DC2-A5FE4231A444}.ShannaraDebug|Any CPU.ActiveCfg = ShannaraDebug|Any CPU
		{EDED5BCD-DB73-4E52-9DC2-A5FE4231A444}.ShannaraDebug|Any CPU.Build.0 = ShannaraDebug|Any CPU
		{EDED5BCD-DB73-4E52-9DC2-A5FE4231A444}.ShannaraDebug|x64.ActiveCfg = ShannaraDebug|x64
		{EDED5BCD-DB73-4E52-9DC2-A5FE4231A444}.ShannaraDebug|x64.Build.0 = ShannaraDebug|x64
		{EDED5BCD-DB73-4E52-9DC2-A5FE4231A444}.ShannaraDebug|x86.ActiveCfg = ShannaraDebug|x86
		{EDED5BCD-DB73-4E52-9DC2-A5FE4231A444}.ShannaraDebug|x86.Build.0 = ShannaraDebug|x86
	EndGlobalSection
	GlobalSection(SolutionProperties) = preSolution
		HideSolutionNode = FALSE
	EndGlobalSection
	GlobalSection(ExtensibilityGlobals) = postSolution
		SolutionGuid = {730B565B-1010-4DF4-9223-63A38F3E8F3C}
	EndGlobalSection
EndGlobal
